
Microsoft Visual Studio Solution File, Format Version 12.00
# Visual Studio 15
VisualStudioVersion = 15.0.27130.2027
MinimumVisualStudioVersion = 10.0.40219.1
Project("{FAE04EC0-301F-11D3-BF4B-00C04F79EFBC}") = "LicenseClientManager", "LicenseClientManager\LicenseClientManager.csproj", "{66172D8E-C049-450F-AA14-4CDBC1B779C8}"
EndProject
Project("{FAE04EC0-301F-11D3-BF4B-00C04F79EFBC}") = "LicenseServerManager", "LicenseServerManager\LicenseServerManager.csproj", "{DD9DABBD-5142-4268-B3EC-9FC79583FB3E}"
EndProject
Project("{FAE04EC0-301F-11D3-BF4B-00C04F79EFBC}") = "Tests", "Tests\Tests.csproj", "{E9F8E890-C890-4C75-9D6F-DB92136BFCBD}"
EndProject
Global
	GlobalSection(SolutionConfigurationPlatforms) = preSolution
		Debug|Any CPU = Debug|Any CPU
		Release|Any CPU = Release|Any CPU
	EndGlobalSection
	GlobalSection(ProjectConfigurationPlatforms) = postSolution
		{66172D8E-C049-450F-AA14-4CDBC1B779C8}.Debug|Any CPU.ActiveCfg = Debug|Any CPU
		{66172D8E-C049-450F-AA14-4CDBC1B779C8}.Debug|Any CPU.Build.0 = Debug|Any CPU
		{66172D8E-C049-450F-AA14-4CDBC1B779C8}.Release|Any CPU.ActiveCfg = Release|Any CPU
		{66172D8E-C049-450F-AA14-4CDBC1B779C8}.Release|Any CPU.Build.0 = Release|Any CPU
		{DD9DABBD-5142-4268-B3EC-9FC79583FB3E}.Debug|Any CPU.ActiveCfg = Debug|Any CPU
		{DD9DABBD-5142-4268-B3EC-9FC79583FB3E}.Debug|Any CPU.Build.0 = Debug|Any CPU
		{DD9DABBD-5142-4268-B3EC-9FC79583FB3E}.Release|Any CPU.ActiveCfg = Release|Any CPU
		{DD9DABBD-5142-4268-B3EC-9FC79583FB3E}.Release|Any CPU.Build.0 = Release|Any CPU
		{E9F8E890-C890-4C75-9D6F-DB92136BFCBD}.Debug|Any CPU.ActiveCfg = Debug|Any CPU
		{E9F8E890-C890-4C75-9D6F-DB92136BFCBD}.Debug|Any CPU.Build.0 = Debug|Any CPU
		{E9F8E890-C890-4C75-9D6F-DB92136BFCBD}.Release|Any CPU.ActiveCfg = Release|Any CPU
		{E9F8E890-C890-4C75-9D6F-DB92136BFCBD}.Release|Any CPU.Build.0 = Release|Any CPU
	EndGlobalSection
	GlobalSection(SolutionProperties) = preSolution
		HideSolutionNode = FALSE
	EndGlobalSection
	GlobalSection(ExtensibilityGlobals) = postSolution
		SolutionGuid = {3A998433-FB42-4C09-A79B-361B58F21965}
	EndGlobalSection
EndGlobal
